
Microsoft Visual Studio Solution File, Format Version 12.00
# Visual Studio Version 16
VisualStudioVersion = 16.0.29728.190
MinimumVisualStudioVersion = 10.0.40219.1
Project("{2150E333-8FDC-42A3-9474-1A3956D46DE8}") = "Src", "Src", "{2777B0E8-FE41-4C69-B7A9-83525D752E55}"
EndProject
Project("{2150E333-8FDC-42A3-9474-1A3956D46DE8}") = "Test", "Test", "{6B877F66-6A70-44EB-ACBF-DC6C8939F99D}"
EndProject
Project("{2150E333-8FDC-42A3-9474-1A3956D46DE8}") = "01.FrameWork", "01.FrameWork", "{6433457D-7582-4497-82C5-A156D4427943}"
EndProject
Project("{2150E333-8FDC-42A3-9474-1A3956D46DE8}") = "02.ApplicationService", "02.ApplicationService", "{E18B404A-D46E-4EA0-942A-DA40BCB78684}"
EndProject
Project("{2150E333-8FDC-42A3-9474-1A3956D46DE8}") = "03.CoreDomain", "03.CoreDomain", "{37181200-0C49-44F6-9E30-68F318F8B4EE}"
EndProject
Project("{9A19103F-16F7-4668-BE54-9A1E7A4F7556}") = "ProjectTest.CoreDomain", "03.CoreDomain\ProjectTest.CoreDomain\ProjectTest.CoreDomain.csproj", "{A836F31F-13DC-4602-A832-024CB17F49B6}"
EndProject
Project("{9A19103F-16F7-4668-BE54-9A1E7A4F7556}") = "ProjectTest.FrameWork", "01.FrameWork\ProjectTest.FrameWork\ProjectTest.FrameWork.csproj", "{DB947989-3671-4B88-A4A0-63439B1A1BE1}"
EndProject
Project("{2150E333-8FDC-42A3-9474-1A3956D46DE8}") = "04.Infastracture", "04.Infastracture", "{4C974330-0AC7-4F80-A588-E0B33CB8CD61}"
EndProject
Project("{9A19103F-16F7-4668-BE54-9A1E7A4F7556}") = "ProjectTest.Infrastracture", "Infrastracture\ProjectTest.Infrastracture\ProjectTest.Infrastracture.csproj", "{82DC2DE5-5E0D-47A1-82E6-CCC83126070F}"
EndProject
Project("{2150E333-8FDC-42A3-9474-1A3956D46DE8}") = "05.EndPoint", "05.EndPoint", "{ED7E9078-BCD6-46C2-A71F-E7BED26317D1}"
EndProject
Project("{9A19103F-16F7-4668-BE54-9A1E7A4F7556}") = "ProjectTest.EndPoint.Api", "EndPoint\ProjectTest.EndPoint.Api\ProjectTest.EndPoint.Api.csproj", "{B2B43070-3423-49F6-9060-07AA044CE7F3}"
EndProject
Project("{9A19103F-16F7-4668-BE54-9A1E7A4F7556}") = "ProjectTest.ApplicationService", "ProjectTest.ApplicationService\ProjectTest.ApplicationService.csproj", "{2ED83061-31F9-4EAE-BDD5-F6A77F6BDF84}"
EndProject
Project("{9A19103F-16F7-4668-BE54-9A1E7A4F7556}") = "ProjectTest.Tools", "ProjectTest.Tools\ProjectTest.Tools.csproj", "{A36971BE-5D59-497B-8BCA-00C6559FB4E5}"
EndProject
Project("{9A19103F-16F7-4668-BE54-9A1E7A4F7556}") = "ProjectTest.Infastracture.Query", "Infrastracture\ProjectTest.Infastracture.Query\ProjectTest.Infastracture.Query.csproj", "{50434471-DCB1-4EF0-9154-ECC969FF2C42}"
EndProject
Project("{9A19103F-16F7-4668-BE54-9A1E7A4F7556}") = "ProjectTest.Rabbit.Bus", "01.FrameWork\ProjectTest.Rabbit.Bus\ProjectTest.Rabbit.Bus.csproj", "{0C48292D-9169-4ACA-857D-0724A3111274}"
EndProject
Project("{9A19103F-16F7-4668-BE54-9A1E7A4F7556}") = "Infastracture.RabbitMq", "Infrastracture\Infastracture.RabbitMq\Infastracture.RabbitMq.csproj", "{94F16BAE-348D-4D8D-9870-1B1E0895D0E1}"
EndProject
Project("{9A19103F-16F7-4668-BE54-9A1E7A4F7556}") = "ProjectTest.ConsumerConsole", "EndPoint\ProjectTest.ConsumerConsole\ProjectTest.ConsumerConsole.csproj", "{43B106BD-8856-4E9C-B3A8-99650E5D0948}"
EndProject
Global
	GlobalSection(SolutionConfigurationPlatforms) = preSolution
		Debug|Any CPU = Debug|Any CPU
		Release|Any CPU = Release|Any CPU
	EndGlobalSection
	GlobalSection(ProjectConfigurationPlatforms) = postSolution
		{A836F31F-13DC-4602-A832-024CB17F49B6}.Debug|Any CPU.ActiveCfg = Debug|Any CPU
		{A836F31F-13DC-4602-A832-024CB17F49B6}.Debug|Any CPU.Build.0 = Debug|Any CPU
		{A836F31F-13DC-4602-A832-024CB17F49B6}.Release|Any CPU.ActiveCfg = Release|Any CPU
		{A836F31F-13DC-4602-A832-024CB17F49B6}.Release|Any CPU.Build.0 = Release|Any CPU
		{DB947989-3671-4B88-A4A0-63439B1A1BE1}.Debug|Any CPU.ActiveCfg = Debug|Any CPU
		{DB947989-3671-4B88-A4A0-63439B1A1BE1}.Debug|Any CPU.Build.0 = Debug|Any CPU
		{DB947989-3671-4B88-A4A0-63439B1A1BE1}.Release|Any CPU.ActiveCfg = Release|Any CPU
		{DB947989-3671-4B88-A4A0-63439B1A1BE1}.Release|Any CPU.Build.0 = Release|Any CPU
		{82DC2DE5-5E0D-47A1-82E6-CCC83126070F}.Debug|Any CPU.ActiveCfg = Debug|Any CPU
		{82DC2DE5-5E0D-47A1-82E6-CCC83126070F}.Debug|Any CPU.Build.0 = Debug|Any CPU
		{82DC2DE5-5E0D-47A1-82E6-CCC83126070F}.Release|Any CPU.ActiveCfg = Release|Any CPU
		{82DC2DE5-5E0D-47A1-82E6-CCC83126070F}.Release|Any CPU.Build.0 = Release|Any CPU
		{B2B43070-3423-49F6-9060-07AA044CE7F3}.Debug|Any CPU.ActiveCfg = Debug|Any CPU
		{B2B43070-3423-49F6-9060-07AA044CE7F3}.Debug|Any CPU.Build.0 = Debug|Any CPU
		{B2B43070-3423-49F6-9060-07AA044CE7F3}.Release|Any CPU.ActiveCfg = Release|Any CPU
		{B2B43070-3423-49F6-9060-07AA044CE7F3}.Release|Any CPU.Build.0 = Release|Any CPU
		{2ED83061-31F9-4EAE-BDD5-F6A77F6BDF84}.Debug|Any CPU.ActiveCfg = Debug|Any CPU
		{2ED83061-31F9-4EAE-BDD5-F6A77F6BDF84}.Debug|Any CPU.Build.0 = Debug|Any CPU
		{2ED83061-31F9-4EAE-BDD5-F6A77F6BDF84}.Release|Any CPU.ActiveCfg = Release|Any CPU
		{2ED83061-31F9-4EAE-BDD5-F6A77F6BDF84}.Release|Any CPU.Build.0 = Release|Any CPU
		{A36971BE-5D59-497B-8BCA-00C6559FB4E5}.Debug|Any CPU.ActiveCfg = Debug|Any CPU
		{A36971BE-5D59-497B-8BCA-00C6559FB4E5}.Debug|Any CPU.Build.0 = Debug|Any CPU
		{A36971BE-5D59-497B-8BCA-00C6559FB4E5}.Release|Any CPU.ActiveCfg = Release|Any CPU
		{A36971BE-5D59-497B-8BCA-00C6559FB4E5}.Release|Any CPU.Build.0 = Release|Any CPU
		{50434471-DCB1-4EF0-9154-ECC969FF2C42}.Debug|Any CPU.ActiveCfg = Debug|Any CPU
		{50434471-DCB1-4EF0-9154-ECC969FF2C42}.Debug|Any CPU.Build.0 = Debug|Any CPU
		{50434471-DCB1-4EF0-9154-ECC969FF2C42}.Release|Any CPU.ActiveCfg = Release|Any CPU
		{50434471-DCB1-4EF0-9154-ECC969FF2C42}.Release|Any CPU.Build.0 = Release|Any CPU
		{0C48292D-9169-4ACA-857D-0724A3111274}.Debug|Any CPU.ActiveCfg = Debug|Any CPU
		{0C48292D-9169-4ACA-857D-0724A3111274}.Debug|Any CPU.Build.0 = Debug|Any CPU
		{0C48292D-9169-4ACA-857D-0724A3111274}.Release|Any CPU.ActiveCfg = Release|Any CPU
		{0C48292D-9169-4ACA-857D-0724A3111274}.Release|Any CPU.Build.0 = Release|Any CPU
		{94F16BAE-348D-4D8D-9870-1B1E0895D0E1}.Debug|Any CPU.ActiveCfg = Debug|Any CPU
		{94F16BAE-348D-4D8D-9870-1B1E0895D0E1}.Debug|Any CPU.Build.0 = Debug|Any CPU
		{94F16BAE-348D-4D8D-9870-1B1E0895D0E1}.Release|Any CPU.ActiveCfg = Release|Any CPU
		{94F16BAE-348D-4D8D-9870-1B1E0895D0E1}.Release|Any CPU.Build.0 = Release|Any CPU
		{43B106BD-8856-4E9C-B3A8-99650E5D0948}.Debug|Any CPU.ActiveCfg = Debug|Any CPU
		{43B106BD-8856-4E9C-B3A8-99650E5D0948}.Debug|Any CPU.Build.0 = Debug|Any CPU
		{43B106BD-8856-4E9C-B3A8-99650E5D0948}.Release|Any CPU.ActiveCfg = Release|Any CPU
		{43B106BD-8856-4E9C-B3A8-99650E5D0948}.Release|Any CPU.Build.0 = Release|Any CPU
	EndGlobalSection
	GlobalSection(SolutionProperties) = preSolution
		HideSolutionNode = FALSE
	EndGlobalSection
	GlobalSection(NestedProjects) = preSolution
		{6433457D-7582-4497-82C5-A156D4427943} = {2777B0E8-FE41-4C69-B7A9-83525D752E55}
		{E18B404A-D46E-4EA0-942A-DA40BCB78684} = {2777B0E8-FE41-4C69-B7A9-83525D752E55}
		{37181200-0C49-44F6-9E30-68F318F8B4EE} = {2777B0E8-FE41-4C69-B7A9-83525D752E55}
		{A836F31F-13DC-4602-A832-024CB17F49B6} = {37181200-0C49-44F6-9E30-68F318F8B4EE}
		{DB947989-3671-4B88-A4A0-63439B1A1BE1} = {6433457D-7582-4497-82C5-A156D4427943}
		{4C974330-0AC7-4F80-A588-E0B33CB8CD61} = {2777B0E8-FE41-4C69-B7A9-83525D752E55}
		{82DC2DE5-5E0D-47A1-82E6-CCC83126070F} = {4C974330-0AC7-4F80-A588-E0B33CB8CD61}
		{ED7E9078-BCD6-46C2-A71F-E7BED26317D1} = {2777B0E8-FE41-4C69-B7A9-83525D752E55}
		{B2B43070-3423-49F6-9060-07AA044CE7F3} = {ED7E9078-BCD6-46C2-A71F-E7BED26317D1}
		{2ED83061-31F9-4EAE-BDD5-F6A77F6BDF84} = {E18B404A-D46E-4EA0-942A-DA40BCB78684}
		{A36971BE-5D59-497B-8BCA-00C6559FB4E5} = {6433457D-7582-4497-82C5-A156D4427943}
		{50434471-DCB1-4EF0-9154-ECC969FF2C42} = {4C974330-0AC7-4F80-A588-E0B33CB8CD61}
		{0C48292D-9169-4ACA-857D-0724A3111274} = {6433457D-7582-4497-82C5-A156D4427943}
		{94F16BAE-348D-4D8D-9870-1B1E0895D0E1} = {4C974330-0AC7-4F80-A588-E0B33CB8CD61}
		{43B106BD-8856-4E9C-B3A8-99650E5D0948} = {ED7E9078-BCD6-46C2-A71F-E7BED26317D1}
	EndGlobalSection
	GlobalSection(ExtensibilityGlobals) = postSolution
		SolutionGuid = {524F5EC0-76A6-41E3-BD3C-9BF6CC4F769B}
	EndGlobalSection
EndGlobal
